
Microsoft Visual Studio Solution File, Format Version 12.00
# Visual Studio Version 17
VisualStudioVersion = 17.7.34018.315
MinimumVisualStudioVersion = 10.0.40219.1
Project("{FAE04EC0-301F-11D3-BF4B-00C04F79EFBC}") = "DivisorComparerConsoleApp", "DivisorComparer\DivisorComparerConsoleApp.csproj", "{3B265B81-A998-420F-B7A9-46B6E2506407}"
EndProject
Project("{FAE04EC0-301F-11D3-BF4B-00C04F79EFBC}") = "DivisorComparer.Logic", "DivisorComparer.Logic\DivisorComparer.Logic.csproj", "{F4FB29A9-47C0-41BB-89F7-4E3F9EE40C97}"
EndProject
Project("{FAE04EC0-301F-11D3-BF4B-00C04F79EFBC}") = "DivisorComparer.Tests", "DivisorComparer.Tests\DivisorComparer.Tests.csproj", "{C030878E-C511-4719-A22C-27986304812A}"
EndProject
Global
	GlobalSection(SolutionConfigurationPlatforms) = preSolution
		Debug|Any CPU = Debug|Any CPU
		Release|Any CPU = Release|Any CPU
	EndGlobalSection
	GlobalSection(ProjectConfigurationPlatforms) = postSolution
		{3B265B81-A998-420F-B7A9-46B6E2506407}.Debug|Any CPU.ActiveCfg = Debug|Any CPU
		{3B265B81-A998-420F-B7A9-46B6E2506407}.Debug|Any CPU.Build.0 = Debug|Any CPU
		{3B265B81-A998-420F-B7A9-46B6E2506407}.Release|Any CPU.ActiveCfg = Release|Any CPU
		{3B265B81-A998-420F-B7A9-46B6E2506407}.Release|Any CPU.Build.0 = Release|Any CPU
		{F4FB29A9-47C0-41BB-89F7-4E3F9EE40C97}.Debug|Any CPU.ActiveCfg = Debug|Any CPU
		{F4FB29A9-47C0-41BB-89F7-4E3F9EE40C97}.Debug|Any CPU.Build.0 = Debug|Any CPU
		{F4FB29A9-47C0-41BB-89F7-4E3F9EE40C97}.Release|Any CPU.ActiveCfg = Release|Any CPU
		{F4FB29A9-47C0-41BB-89F7-4E3F9EE40C97}.Release|Any CPU.Build.0 = Release|Any CPU
		{C030878E-C511-4719-A22C-27986304812A}.Debug|Any CPU.ActiveCfg = Debug|Any CPU
		{C030878E-C511-4719-A22C-27986304812A}.Debug|Any CPU.Build.0 = Debug|Any CPU
		{C030878E-C511-4719-A22C-27986304812A}.Release|Any CPU.ActiveCfg = Release|Any CPU
		{C030878E-C511-4719-A22C-27986304812A}.Release|Any CPU.Build.0 = Release|Any CPU
	EndGlobalSection
	GlobalSection(SolutionProperties) = preSolution
		HideSolutionNode = FALSE
	EndGlobalSection
	GlobalSection(ExtensibilityGlobals) = postSolution
		SolutionGuid = {5AA45CCD-0ACA-4061-9C6D-5B4D02B1F906}
	EndGlobalSection
EndGlobal
